
Microsoft Visual Studio Solution File, Format Version 12.00
# Visual Studio Version 16
VisualStudioVersion = 16.0.30204.135
MinimumVisualStudioVersion = 10.0.40219.1
Project("{FAE04EC0-301F-11D3-BF4B-00C04F79EFBC}") = "exercicio4", "exercicio4\exercicio4.csproj", "{21BEDD9D-B69E-425B-9BE5-73190D1FC6E4}"
EndProject
Global
	GlobalSection(SolutionConfigurationPlatforms) = preSolution
		Debug|Any CPU = Debug|Any CPU
		Release|Any CPU = Release|Any CPU
	EndGlobalSection
	GlobalSection(ProjectConfigurationPlatforms) = postSolution
		{21BEDD9D-B69E-425B-9BE5-73190D1FC6E4}.Debug|Any CPU.ActiveCfg = Debug|Any CPU
		{21BEDD9D-B69E-425B-9BE5-73190D1FC6E4}.Debug|Any CPU.Build.0 = Debug|Any CPU
		{21BEDD9D-B69E-425B-9BE5-73190D1FC6E4}.Release|Any CPU.ActiveCfg = Release|Any CPU
		{21BEDD9D-B69E-425B-9BE5-73190D1FC6E4}.Release|Any CPU.Build.0 = Release|Any CPU
	EndGlobalSection
	GlobalSection(SolutionProperties) = preSolution
		HideSolutionNode = FALSE
	EndGlobalSection
	GlobalSection(ExtensibilityGlobals) = postSolution
		SolutionGuid = {D006A83D-8625-4004-B092-4AB9B435D843}
	EndGlobalSection
EndGlobal
